
Microsoft Visual Studio Solution File, Format Version 12.00
# Visual Studio Version 17
VisualStudioVersion = 17.9.34622.214
MinimumVisualStudioVersion = 10.0.40219.1
Project("{FAE04EC0-301F-11D3-BF4B-00C04F79EFBC}") = "Questão3", "Questão3\Questão3.csproj", "{C2CCA4B4-898E-425A-B89B-1FBEBC2590C8}"
EndProject
Global
	GlobalSection(SolutionConfigurationPlatforms) = preSolution
		Debug|Any CPU = Debug|Any CPU
		Release|Any CPU = Release|Any CPU
	EndGlobalSection
	GlobalSection(ProjectConfigurationPlatforms) = postSolution
		{C2CCA4B4-898E-425A-B89B-1FBEBC2590C8}.Debug|Any CPU.ActiveCfg = Debug|Any CPU
		{C2CCA4B4-898E-425A-B89B-1FBEBC2590C8}.Debug|Any CPU.Build.0 = Debug|Any CPU
		{C2CCA4B4-898E-425A-B89B-1FBEBC2590C8}.Release|Any CPU.ActiveCfg = Release|Any CPU
		{C2CCA4B4-898E-425A-B89B-1FBEBC2590C8}.Release|Any CPU.Build.0 = Release|Any CPU
	EndGlobalSection
	GlobalSection(SolutionProperties) = preSolution
		HideSolutionNode = FALSE
	EndGlobalSection
	GlobalSection(ExtensibilityGlobals) = postSolution
		SolutionGuid = {0446B333-F695-4E78-BCD2-9DCD4275E7FB}
	EndGlobalSection
EndGlobal
